
Microsoft Visual Studio Solution File, Format Version 12.00
# Visual Studio Version 16
VisualStudioVersion = 16.0.29519.87
MinimumVisualStudioVersion = 10.0.40219.1
Project("{9A19103F-16F7-4668-BE54-9A1E7A4F7556}") = "WebAdvert.Web", "WebAdvert.Web\WebAdvert.Web.csproj", "{78C9AC23-88EA-44A2-AE27-9E33526A075A}"
EndProject
Global
	GlobalSection(SolutionConfigurationPlatforms) = preSolution
		Debug|Any CPU = Debug|Any CPU
		Release|Any CPU = Release|Any CPU
	EndGlobalSection
	GlobalSection(ProjectConfigurationPlatforms) = postSolution
		{78C9AC23-88EA-44A2-AE27-9E33526A075A}.Debug|Any CPU.ActiveCfg = Debug|Any CPU
		{78C9AC23-88EA-44A2-AE27-9E33526A075A}.Debug|Any CPU.Build.0 = Debug|Any CPU
		{78C9AC23-88EA-44A2-AE27-9E33526A075A}.Release|Any CPU.ActiveCfg = Release|Any CPU
		{78C9AC23-88EA-44A2-AE27-9E33526A075A}.Release|Any CPU.Build.0 = Release|Any CPU
	EndGlobalSection
	GlobalSection(SolutionProperties) = preSolution
		HideSolutionNode = FALSE
	EndGlobalSection
	GlobalSection(ExtensibilityGlobals) = postSolution
		SolutionGuid = {4E4A0CC8-9028-4745-AD4F-5C5A03911AE3}
	EndGlobalSection
EndGlobal
